
Microsoft Visual Studio Solution File, Format Version 12.00
# Visual Studio Version 16
VisualStudioVersion = 16.0.30611.23
MinimumVisualStudioVersion = 10.0.40219.1
Project("{FAE04EC0-301F-11D3-BF4B-00C04F79EFBC}") = "Actividad2", "Actividad2\Actividad2.csproj", "{873AF318-B828-4CD4-BCB4-DA2FEB018800}"
EndProject
Global
	GlobalSection(SolutionConfigurationPlatforms) = preSolution
		Debug|Any CPU = Debug|Any CPU
		Release|Any CPU = Release|Any CPU
	EndGlobalSection
	GlobalSection(ProjectConfigurationPlatforms) = postSolution
		{873AF318-B828-4CD4-BCB4-DA2FEB018800}.Debug|Any CPU.ActiveCfg = Debug|Any CPU
		{873AF318-B828-4CD4-BCB4-DA2FEB018800}.Debug|Any CPU.Build.0 = Debug|Any CPU
		{873AF318-B828-4CD4-BCB4-DA2FEB018800}.Release|Any CPU.ActiveCfg = Release|Any CPU
		{873AF318-B828-4CD4-BCB4-DA2FEB018800}.Release|Any CPU.Build.0 = Release|Any CPU
	EndGlobalSection
	GlobalSection(SolutionProperties) = preSolution
		HideSolutionNode = FALSE
	EndGlobalSection
	GlobalSection(ExtensibilityGlobals) = postSolution
		SolutionGuid = {4DD84762-4642-4BCC-B767-7453AF51C616}
	EndGlobalSection
EndGlobal
